
Microsoft Visual Studio Solution File, Format Version 12.00
# Visual Studio Version 17
VisualStudioVersion = 17.5.33424.131
MinimumVisualStudioVersion = 10.0.40219.1
Project("{FAE04EC0-301F-11D3-BF4B-00C04F79EFBC}") = "ClashYamlParser", "ClashYamlParser\ClashYamlParser.csproj", "{7CE0294A-3FE3-4DFE-95AB-320583F68460}"
EndProject
Global
	GlobalSection(SolutionConfigurationPlatforms) = preSolution
		Debug|Any CPU = Debug|Any CPU
		Release|Any CPU = Release|Any CPU
	EndGlobalSection
	GlobalSection(ProjectConfigurationPlatforms) = postSolution
		{7CE0294A-3FE3-4DFE-95AB-320583F68460}.Debug|Any CPU.ActiveCfg = Debug|Any CPU
		{7CE0294A-3FE3-4DFE-95AB-320583F68460}.Debug|Any CPU.Build.0 = Debug|Any CPU
		{7CE0294A-3FE3-4DFE-95AB-320583F68460}.Release|Any CPU.ActiveCfg = Release|Any CPU
		{7CE0294A-3FE3-4DFE-95AB-320583F68460}.Release|Any CPU.Build.0 = Release|Any CPU
	EndGlobalSection
	GlobalSection(SolutionProperties) = preSolution
		HideSolutionNode = FALSE
	EndGlobalSection
	GlobalSection(ExtensibilityGlobals) = postSolution
		SolutionGuid = {4342C786-615B-4373-8DCE-2D0B0BA20EE3}
	EndGlobalSection
EndGlobal
